// !$*UTF8*$!
{
	archiveVersion = 1;
	classes = {
	};
	objectVersion = 50;
	objects = {

/* Begin PBXBuildFile section */
		44356C01259B2B5300C4199B /* Five_BanisApp.swift in Sources */ = {isa = PBXBuildFile; fileRef = 44356C00259B2B5300C4199B /* Five_BanisApp.swift */; };
		44356C03259B2B5300C4199B /* ContentView.swift in Sources */ = {isa = PBXBuildFile; fileRef = 44356C02259B2B5300C4199B /* ContentView.swift */; };
		44356C05259B2B5500C4199B /* Assets.xcassets in Resources */ = {isa = PBXBuildFile; fileRef = 44356C04259B2B5500C4199B /* Assets.xcassets */; };
		44356C08259B2B5500C4199B /* Preview Assets.xcassets in Resources */ = {isa = PBXBuildFile; fileRef = 44356C07259B2B5500C4199B /* Preview Assets.xcassets */; };
		44356C11259B2F8100C4199B /* Paath.swift in Sources */ = {isa = PBXBuildFile; fileRef = 44356C10259B2F8100C4199B /* Paath.swift */; };
		44356C14259B32EC00C4199B /* PaathCell.swift in Sources */ = {isa = PBXBuildFile; fileRef = 44356C13259B32EC00C4199B /* PaathCell.swift */; };
		44356C17259B33D200C4199B /* PaathContent.swift in Sources */ = {isa = PBXBuildFile; fileRef = 44356C16259B33D200C4199B /* PaathContent.swift */; };
		44356C2F259B440F00C4199B /* Localizable.strings in Resources */ = {isa = PBXBuildFile; fileRef = 44356C31259B440F00C4199B /* Localizable.strings */; };
		44356C3A259B47BC00C4199B /* FiveBanisStrings.swift in Sources */ = {isa = PBXBuildFile; fileRef = 44356C39259B47BC00C4199B /* FiveBanisStrings.swift */; };
		44356C3D259B48E500C4199B /* FiveBanisHelper.swift in Sources */ = {isa = PBXBuildFile; fileRef = 44356C3C259B48E500C4199B /* FiveBanisHelper.swift */; };
		44356C44259B9DA300C4199B /* AppView.swift in Sources */ = {isa = PBXBuildFile; fileRef = 44356C43259B9DA300C4199B /* AppView.swift */; };
		44356C47259B9DD100C4199B /* SettingsView.swift in Sources */ = {isa = PBXBuildFile; fileRef = 44356C46259B9DD100C4199B /* SettingsView.swift */; };
		44356C4C259BA2E300C4199B /* LanguageView.swift in Sources */ = {isa = PBXBuildFile; fileRef = 44356C4B259BA2E300C4199B /* LanguageView.swift */; };
/* End PBXBuildFile section */

/* Begin PBXFileReference section */
		44356BFD259B2B5300C4199B /* Five-Banis.app */ = {isa = PBXFileReference; explicitFileType = wrapper.application; includeInIndex = 0; path = "Five-Banis.app"; sourceTree = BUILT_PRODUCTS_DIR; };
		44356C00259B2B5300C4199B /* Five_BanisApp.swift */ = {isa = PBXFileReference; lastKnownFileType = sourcecode.swift; path = Five_BanisApp.swift; sourceTree = "<group>"; };
		44356C02259B2B5300C4199B /* ContentView.swift */ = {isa = PBXFileReference; lastKnownFileType = sourcecode.swift; path = ContentView.swift; sourceTree = "<group>"; };
		44356C04259B2B5500C4199B /* Assets.xcassets */ = {isa = PBXFileReference; lastKnownFileType = folder.assetcatalog; path = Assets.xcassets; sourceTree = "<group>"; };
		44356C07259B2B5500C4199B /* Preview Assets.xcassets */ = {isa = PBXFileReference; lastKnownFileType = folder.assetcatalog; path = "Preview Assets.xcassets"; sourceTree = "<group>"; };
		44356C09259B2B5500C4199B /* Info.plist */ = {isa = PBXFileReference; lastKnownFileType = text.plist.xml; path = Info.plist; sourceTree = "<group>"; };
		44356C10259B2F8100C4199B /* Paath.swift */ = {isa = PBXFileReference; lastKnownFileType = sourcecode.swift; path = Paath.swift; sourceTree = "<group>"; };
		44356C13259B32EC00C4199B /* PaathCell.swift */ = {isa = PBXFileReference; lastKnownFileType = sourcecode.swift; path = PaathCell.swift; sourceTree = "<group>"; };
		44356C16259B33D200C4199B /* PaathContent.swift */ = {isa = PBXFileReference; lastKnownFileType = sourcecode.swift; path = PaathContent.swift; sourceTree = "<group>"; };
		44356C30259B440F00C4199B /* en */ = {isa = PBXFileReference; lastKnownFileType = text.plist.strings; name = en; path = en.lproj/Localizable.strings; sourceTree = "<group>"; };
		44356C33259B441400C4199B /* hi */ = {isa = PBXFileReference; lastKnownFileType = text.plist.strings; name = hi; path = hi.lproj/Localizable.strings; sourceTree = "<group>"; };
		44356C39259B47BC00C4199B /* FiveBanisStrings.swift */ = {isa = PBXFileReference; lastKnownFileType = sourcecode.swift; path = FiveBanisStrings.swift; sourceTree = "<group>"; };
		44356C3C259B48E500C4199B /* FiveBanisHelper.swift */ = {isa = PBXFileReference; lastKnownFileType = sourcecode.swift; path = FiveBanisHelper.swift; sourceTree = "<group>"; };
		44356C43259B9DA300C4199B /* AppView.swift */ = {isa = PBXFileReference; lastKnownFileType = sourcecode.swift; path = AppView.swift; sourceTree = "<group>"; };
		44356C46259B9DD100C4199B /* SettingsView.swift */ = {isa = PBXFileReference; lastKnownFileType = sourcecode.swift; path = SettingsView.swift; sourceTree = "<group>"; };
		44356C4B259BA2E300C4199B /* LanguageView.swift */ = {isa = PBXFileReference; lastKnownFileType = sourcecode.swift; path = LanguageView.swift; sourceTree = "<group>"; };
/* End PBXFileReference section */

/* Begin PBXFrameworksBuildPhase section */
		44356BFA259B2B5300C4199B /* Frameworks */ = {
			isa = PBXFrameworksBuildPhase;
			buildActionMask = 2147483647;
			files = (
			);
			runOnlyForDeploymentPostprocessing = 0;
		};
/* End PBXFrameworksBuildPhase section */

/* Begin PBXGroup section */
		44356BF4259B2B5300C4199B = {
			isa = PBXGroup;
			children = (
				44356BFF259B2B5300C4199B /* Five-Banis */,
				44356BFE259B2B5300C4199B /* Products */,
			);
			sourceTree = "<group>";
		};
		44356BFE259B2B5300C4199B /* Products */ = {
			isa = PBXGroup;
			children = (
				44356BFD259B2B5300C4199B /* Five-Banis.app */,
			);
			name = Products;
			sourceTree = "<group>";
		};
		44356BFF259B2B5300C4199B /* Five-Banis */ = {
			isa = PBXGroup;
			children = (
				44356C00259B2B5300C4199B /* Five_BanisApp.swift */,
				44356C43259B9DA300C4199B /* AppView.swift */,
				44356C4F259BA4DB00C4199B /* FiveBanis */,
				44356C49259BA2B600C4199B /* Settings */,
				44356C50259BA4F300C4199B /* Helpers */,
				44356C04259B2B5500C4199B /* Assets.xcassets */,
				44356C09259B2B5500C4199B /* Info.plist */,
				44356C06259B2B5500C4199B /* Preview Content */,
			);
			path = "Five-Banis";
			sourceTree = "<group>";
		};
		44356C06259B2B5500C4199B /* Preview Content */ = {
			isa = PBXGroup;
			children = (
				44356C07259B2B5500C4199B /* Preview Assets.xcassets */,
			);
			path = "Preview Content";
			sourceTree = "<group>";
		};
		44356C49259BA2B600C4199B /* Settings */ = {
			isa = PBXGroup;
			children = (
				44356C46259B9DD100C4199B /* SettingsView.swift */,
				44356C4A259BA2BD00C4199B /* Language */,
			);
			path = Settings;
			sourceTree = "<group>";
		};
		44356C4A259BA2BD00C4199B /* Language */ = {
			isa = PBXGroup;
			children = (
				44356C4B259BA2E300C4199B /* LanguageView.swift */,
			);
			path = Language;
			sourceTree = "<group>";
		};
		44356C4F259BA4DB00C4199B /* FiveBanis */ = {
			isa = PBXGroup;
			children = (
				44356C52259BA54000C4199B /* Home */,
				44356C51259BA52A00C4199B /* PaathContent */,
			);
			path = FiveBanis;
			sourceTree = "<group>";
		};
		44356C50259BA4F300C4199B /* Helpers */ = {
			isa = PBXGroup;
			children = (
				44356C3C259B48E500C4199B /* FiveBanisHelper.swift */,
				44356C39259B47BC00C4199B /* FiveBanisStrings.swift */,
				44356C31259B440F00C4199B /* Localizable.strings */,
			);
			path = Helpers;
			sourceTree = "<group>";
		};
		44356C51259BA52A00C4199B /* PaathContent */ = {
			isa = PBXGroup;
			children = (
				44356C16259B33D200C4199B /* PaathContent.swift */,
			);
			path = PaathContent;
			sourceTree = "<group>";
		};
		44356C52259BA54000C4199B /* Home */ = {
			isa = PBXGroup;
			children = (
				44356C02259B2B5300C4199B /* ContentView.swift */,
				44356C13259B32EC00C4199B /* PaathCell.swift */,
				44356C10259B2F8100C4199B /* Paath.swift */,
			);
			path = Home;
			sourceTree = "<group>";
		};
/* End PBXGroup section */

/* Begin PBXNativeTarget section */
		44356BFC259B2B5300C4199B /* Five-Banis */ = {
			isa = PBXNativeTarget;
			buildConfigurationList = 44356C0C259B2B5500C4199B /* Build configuration list for PBXNativeTarget "Five-Banis" */;
			buildPhases = (
				44356BF9259B2B5300C4199B /* Sources */,
				44356BFA259B2B5300C4199B /* Frameworks */,
				44356BFB259B2B5300C4199B /* Resources */,
			);
			buildRules = (
			);
			dependencies = (
			);
			name = "Five-Banis";
			productName = "Five-Banis";
			productReference = 44356BFD259B2B5300C4199B /* Five-Banis.app */;
			productType = "com.apple.product-type.application";
		};
/* End PBXNativeTarget section */

/* Begin PBXProject section */
		44356BF5259B2B5300C4199B /* Project object */ = {
			isa = PBXProject;
			attributes = {
				LastSwiftUpdateCheck = 1200;
				LastUpgradeCheck = 1200;
				TargetAttributes = {
					44356BFC259B2B5300C4199B = {
						CreatedOnToolsVersion = 12.0;
					};
				};
			};
			buildConfigurationList = 44356BF8259B2B5300C4199B /* Build configuration list for PBXProject "Five-Banis" */;
			compatibilityVersion = "Xcode 9.3";
			developmentRegion = en;
			hasScannedForEncodings = 0;
			knownRegions = (
				en,
				Base,
				hi,
			);
			mainGroup = 44356BF4259B2B5300C4199B;
			productRefGroup = 44356BFE259B2B5300C4199B /* Products */;
			projectDirPath = "";
			projectRoot = "";
			targets = (
				44356BFC259B2B5300C4199B /* Five-Banis */,
			);
		};
/* End PBXProject section */

/* Begin PBXResourcesBuildPhase section */
		44356BFB259B2B5300C4199B /* Resources */ = {
			isa = PBXResourcesBuildPhase;
			buildActionMask = 2147483647;
			files = (
				44356C08259B2B5500C4199B /* Preview Assets.xcassets in Resources */,
				44356C2F259B440F00C4199B /* Localizable.strings in Resources */,
				44356C05259B2B5500C4199B /* Assets.xcassets in Resources */,
			);
			runOnlyForDeploymentPostprocessing = 0;
		};
/* End PBXResourcesBuildPhase section */

/* Begin PBXSourcesBuildPhase section */
		44356BF9259B2B5300C4199B /* Sources */ = {
			isa = PBXSourcesBuildPhase;
			buildActionMask = 2147483647;
			files = (
				44356C14259B32EC00C4199B /* PaathCell.swift in Sources */,
				44356C03259B2B5300C4199B /* ContentView.swift in Sources */,
				44356C01259B2B5300C4199B /* Five_BanisApp.swift in Sources */,
				44356C47259B9DD100C4199B /* SettingsView.swift in Sources */,
				44356C4C259BA2E300C4199B /* LanguageView.swift in Sources */,
				44356C17259B33D200C4199B /* PaathContent.swift in Sources */,
				44356C44259B9DA300C4199B /* AppView.swift in Sources */,
				44356C3A259B47BC00C4199B /* FiveBanisStrings.swift in Sources */,
				44356C3D259B48E500C4199B /* FiveBanisHelper.swift in Sources */,
				44356C11259B2F8100C4199B /* Paath.swift in Sources */,
			);
			runOnlyForDeploymentPostprocessing = 0;
		};
/* End PBXSourcesBuildPhase section */

/* Begin PBXVariantGroup section */
		44356C31259B440F00C4199B /* Localizable.strings */ = {
			isa = PBXVariantGroup;
			children = (
				44356C30259B440F00C4199B /* en */,
				44356C33259B441400C4199B /* hi */,
			);
			name = Localizable.strings;
			sourceTree = "<group>";
		};
/* End PBXVariantGroup section */

/* Begin XCBuildConfiguration section */
		44356C0A259B2B5500C4199B /* Debug */ = {
			isa = XCBuildConfiguration;
			buildSettings = {
				ALWAYS_SEARCH_USER_PATHS = NO;
				CLANG_ANALYZER_NONNULL = YES;
				CLANG_ANALYZER_NUMBER_OBJECT_CONVERSION = YES_AGGRESSIVE;
				CLANG_CXX_LANGUAGE_STANDARD = "gnu++14";
				CLANG_CXX_LIBRARY = "libc++";
				CLANG_ENABLE_MODULES = YES;
				CLANG_ENABLE_OBJC_ARC = YES;
				CLANG_ENABLE_OBJC_WEAK = YES;
				CLANG_WARN_BLOCK_CAPTURE_AUTORELEASING = YES;
				CLANG_WARN_BOOL_CONVERSION = YES;
				CLANG_WARN_COMMA = YES;
				CLANG_WARN_CONSTANT_CONVERSION = YES;
				CLANG_WARN_DEPRECATED_OBJC_IMPLEMENTATIONS = YES;
				CLANG_WARN_DIRECT_OBJC_ISA_USAGE = YES_ERROR;
				CLANG_WARN_DOCUMENTATION_COMMENTS = YES;
				CLANG_WARN_EMPTY_BODY = YES;
				CLANG_WARN_ENUM_CONVERSION = YES;
				CLANG_WARN_INFINITE_RECURSION = YES;
				CLANG_WARN_INT_CONVERSION = YES;
				CLANG_WARN_NON_LITERAL_NULL_CONVERSION = YES;
				CLANG_WARN_OBJC_IMPLICIT_RETAIN_SELF = YES;
				CLANG_WARN_OBJC_LITERAL_CONVERSION = YES;
				CLANG_WARN_OBJC_ROOT_CLASS = YES_ERROR;
				CLANG_WARN_QUOTED_INCLUDE_IN_FRAMEWORK_HEADER = YES;
				CLANG_WARN_RANGE_LOOP_ANALYSIS = YES;
				CLANG_WARN_STRICT_PROTOTYPES = YES;
				CLANG_WARN_SUSPICIOUS_MOVE = YES;
				CLANG_WARN_UNGUARDED_AVAILABILITY = YES_AGGRESSIVE;
				CLANG_WARN_UNREACHABLE_CODE = YES;
				CLANG_WARN__DUPLICATE_METHOD_MATCH = YES;
				COPY_PHASE_STRIP = NO;
				DEBUG_INFORMATION_FORMAT = dwarf;
				ENABLE_STRICT_OBJC_MSGSEND = YES;
				ENABLE_TESTABILITY = YES;
				GCC_C_LANGUAGE_STANDARD = gnu11;
				GCC_DYNAMIC_NO_PIC = NO;
				GCC_NO_COMMON_BLOCKS = YES;
				GCC_OPTIMIZATION_LEVEL = 0;
				GCC_PREPROCESSOR_DEFINITIONS = (
					"DEBUG=1",
					"$(inherited)",
				);
				GCC_WARN_64_TO_32_BIT_CONVERSION = YES;
				GCC_WARN_ABOUT_RETURN_TYPE = YES_ERROR;
				GCC_WARN_UNDECLARED_SELECTOR = YES;
				GCC_WARN_UNINITIALIZED_AUTOS = YES_AGGRESSIVE;
				GCC_WARN_UNUSED_FUNCTION = YES;
				GCC_WARN_UNUSED_VARIABLE = YES;
				IPHONEOS_DEPLOYMENT_TARGET = 14.0;
				MTL_ENABLE_DEBUG_INFO = INCLUDE_SOURCE;
				MTL_FAST_MATH = YES;
				ONLY_ACTIVE_ARCH = YES;
				SDKROOT = iphoneos;
				SWIFT_ACTIVE_COMPILATION_CONDITIONS = DEBUG;
				SWIFT_OPTIMIZATION_LEVEL = "-Onone";
			};
			name = Debug;
		};
		44356C0B259B2B5500C4199B /* Release */ = {
			isa = XCBuildConfiguration;
			buildSettings = {
				ALWAYS_SEARCH_USER_PATHS = NO;
				CLANG_ANALYZER_NONNULL = YES;
				CLANG_ANALYZER_NUMBER_OBJECT_CONVERSION = YES_AGGRESSIVE;
				CLANG_CXX_LANGUAGE_STANDARD = "gnu++14";
				CLANG_CXX_LIBRARY = "libc++";
				CLANG_ENABLE_MODULES = YES;
				CLANG_ENABLE_OBJC_ARC = YES;
				CLANG_ENABLE_OBJC_WEAK = YES;
				CLANG_WARN_BLOCK_CAPTURE_AUTORELEASING = YES;
				CLANG_WARN_BOOL_CONVERSION = YES;
				CLANG_WARN_COMMA = YES;
				CLANG_WARN_CONSTANT_CONVERSION = YES;
				CLANG_WARN_DEPRECATED_OBJC_IMPLEMENTATIONS = YES;
				CLANG_WARN_DIRECT_OBJC_ISA_USAGE = YES_ERROR;
				CLANG_WARN_DOCUMENTATION_COMMENTS = YES;
				CLANG_WARN_EMPTY_BODY = YES;
				CLANG_WARN_ENUM_CONVERSION = YES;
				CLANG_WARN_INFINITE_RECURSION = YES;
				CLANG_WARN_INT_CONVERSION = YES;
				CLANG_WARN_NON_LITERAL_NULL_CONVERSION = YES;
				CLANG_WARN_OBJC_IMPLICIT_RETAIN_SELF = YES;
				CLANG_WARN_OBJC_LITERAL_CONVERSION = YES;
				CLANG_WARN_OBJC_ROOT_CLASS = YES_ERROR;
				CLANG_WARN_QUOTED_INCLUDE_IN_FRAMEWORK_HEADER = YES;
				CLANG_WARN_RANGE_LOOP_ANALYSIS = YES;
				CLANG_WARN_STRICT_PROTOTYPES = YES;
				CLANG_WARN_SUSPICIOUS_MOVE = YES;
				CLANG_WARN_UNGUARDED_AVAILABILITY = YES_AGGRESSIVE;
				CLANG_WARN_UNREACHABLE_CODE = YES;
				CLANG_WARN__DUPLICATE_METHOD_MATCH = YES;
				COPY_PHASE_STRIP = NO;
				DEBUG_INFORMATION_FORMAT = "dwarf-with-dsym";
				ENABLE_NS_ASSERTIONS = NO;
				ENABLE_STRICT_OBJC_MSGSEND = YES;
				GCC_C_LANGUAGE_STANDARD = gnu11;
				GCC_NO_COMMON_BLOCKS = YES;
				GCC_WARN_64_TO_32_BIT_CONVERSION = YES;
				GCC_WARN_ABOUT_RETURN_TYPE = YES_ERROR;
				GCC_WARN_UNDECLARED_SELECTOR = YES;
				GCC_WARN_UNINITIALIZED_AUTOS = YES_AGGRESSIVE;
				GCC_WARN_UNUSED_FUNCTION = YES;
				GCC_WARN_UNUSED_VARIABLE = YES;
				IPHONEOS_DEPLOYMENT_TARGET = 14.0;
				MTL_ENABLE_DEBUG_INFO = NO;
				MTL_FAST_MATH = YES;
				SDKROOT = iphoneos;
				SWIFT_COMPILATION_MODE = wholemodule;
				SWIFT_OPTIMIZATION_LEVEL = "-O";
				VALIDATE_PRODUCT = YES;
			};
			name = Release;
		};
		44356C0D259B2B5500C4199B /* Debug */ = {
			isa = XCBuildConfiguration;
			buildSettings = {
				ASSETCATALOG_COMPILER_APPICON_NAME = AppIcon;
				ASSETCATALOG_COMPILER_GLOBAL_ACCENT_COLOR_NAME = AccentColor;
				CODE_SIGN_STYLE = Automatic;
				DEVELOPMENT_ASSET_PATHS = "\"Five-Banis/Preview Content\"";
				DEVELOPMENT_TEAM = FPR5C96X44;
				ENABLE_PREVIEWS = YES;
				INFOPLIST_FILE = "Five-Banis/Info.plist";
				IPHONEOS_DEPLOYMENT_TARGET = 14.0;
				LD_RUNPATH_SEARCH_PATHS = (
					"$(inherited)",
					"@executable_path/Frameworks",
				);
				PRODUCT_BUNDLE_IDENTIFIER = "com.rattandeep.Five-Banis";
				PRODUCT_NAME = "$(TARGET_NAME)";
				SWIFT_VERSION = 5.0;
				TARGETED_DEVICE_FAMILY = "1,2";
			};
			name = Debug;
		};
		44356C0E259B2B5500C4199B /* Release */ = {
			isa = XCBuildConfiguration;
			buildSettings = {
				ASSETCATALOG_COMPILER_APPICON_NAME = AppIcon;
				ASSETCATALOG_COMPILER_GLOBAL_ACCENT_COLOR_NAME = AccentColor;
				CODE_SIGN_STYLE = Automatic;
				DEVELOPMENT_ASSET_PATHS = "\"Five-Banis/Preview Content\"";
				DEVELOPMENT_TEAM = FPR5C96X44;
				ENABLE_PREVIEWS = YES;
				INFOPLIST_FILE = "Five-Banis/Info.plist";
				IPHONEOS_DEPLOYMENT_TARGET = 14.0;
				LD_RUNPATH_SEARCH_PATHS = (
					"$(inherited)",
					"@executable_path/Frameworks",
				);
				PRODUCT_BUNDLE_IDENTIFIER = "com.rattandeep.Five-Banis";
				PRODUCT_NAME = "$(TARGET_NAME)";
				SWIFT_VERSION = 5.0;
				TARGETED_DEVICE_FAMILY = "1,2";
			};
			name = Release;
		};
/* End XCBuildConfiguration section */

/* Begin XCConfigurationList section */
		44356BF8259B2B5300C4199B /* Build configuration list for PBXProject "Five-Banis" */ = {
			isa = XCConfigurationList;
			buildConfigurations = (
				44356C0A259B2B5500C4199B /* Debug */,
				44356C0B259B2B5500C4199B /* Release */,
			);
			defaultConfigurationIsVisible = 0;
			defaultConfigurationName = Release;
		};
		44356C0C259B2B5500C4199B /* Build configuration list for PBXNativeTarget "Five-Banis" */ = {
			isa = XCConfigurationList;
			buildConfigurations = (
				44356C0D259B2B5500C4199B /* Debug */,
				44356C0E259B2B5500C4199B /* Release */,
			);
			defaultConfigurationIsVisible = 0;
			defaultConfigurationName = Release;
		};
/* End XCConfigurationList section */
	};
	rootObject = 44356BF5259B2B5300C4199B /* Project object */;
}
